{
  "name": "example",
  "version": "1.0.0",
  "lockfileVersion": 2,
  "requires": true,
  "packages": {
    "": {
      "name": "example",
      "version": "1.0.0",
      "license": "ISC",
      "dependencies": {
        "midiread": "file:..",
        "mkdiv": "^3.0.1"
      }
    },
    "..": {
      "version": "2.0.15",
      "hasInstallScript": true,
      "license": "ISC",
      "bin": {
        "midiread": "bin/read.js"
      },
      "devDependencies": {
        "@types/chai": "^4.2.18",
        "@types/mocha": "^8.2.2",
        "ts-node": "^10.1.0"
      }
    },
    "node_modules/midiread": {
      "resolved": "..",
      "link": true
    },
    "node_modules/mkdiv": {
      "version": "3.0.1",
      "resolved": "https://registry.npmjs.org/mkdiv/-/mkdiv-3.0.1.tgz",
      "integrity": "sha512-PfjtbdfciGmTEDhBWgAvEt3evrLUpN6y9C1A74qJuvZqrLWWjB/L/mlXtMnzTbwPa0HB20F4xYXUfc+kPMdvBQ=="
    }
  },
  "dependencies": {
    "midiread": {
      "version": "file:..",
      "requires": {
        "@types/chai": "^4.2.18",
        "@types/mocha": "^8.2.2",
        "ts-node": "^10.1.0"
      }
    },
    "mkdiv": {
      "version": "3.0.1",
      "resolved": "https://registry.npmjs.org/mkdiv/-/mkdiv-3.0.1.tgz",
      "integrity": "sha512-PfjtbdfciGmTEDhBWgAvEt3evrLUpN6y9C1A74qJuvZqrLWWjB/L/mlXtMnzTbwPa0HB20F4xYXUfc+kPMdvBQ=="
    }
  }
}
