{
  "name": "example",
  "version": "1.0.0",
  "lockfileVersion": 2,
  "requires": true,
  "packages": {
    "": {
      "version": "1.0.0",
      "license": "ISC",
      "dependencies": {
        "midiread": "file:.."
      }
    },
    "..": {
      "version": "2.0.11",
      "license": "ISC",
      "dependencies": {
        "buffer-read": "^0.0.2",
        "webmidi": "^2.5.2"
      },
      "bin": {
        "midiread": "bin/read.js"
      },
      "devDependencies": {
        "@types/chai": "^4.2.18",
        "@types/mocha": "^8.2.2",
        "ts-node": "^10.1.0"
      }
    },
    "node_modules/midiread": {
      "resolved": "..",
      "link": true
    }
  },
  "dependencies": {
    "midiread": {
      "version": "file:..",
      "requires": {
        "@types/chai": "^4.2.18",
        "@types/mocha": "^8.2.2",
        "buffer-read": "^0.0.2",
        "ts-node": "^10.1.0",
        "webmidi": "^2.5.2"
      }
    }
  }
}
